<?xml version="1.0" encoding="UTF-8"?>
<!DOCTYPE plist PUBLIC "-//Apple//DTD PLIST 1.0//EN" "http://www.apple.com/DTDs/PropertyList-1.0.dtd">
<plist version="1.0">
<dict>
	<key>archiveVersion</key>
	<string>1</string>
	<key>classes</key>
	<dict/>
	<key>objectVersion</key>
	<string>46</string>
	<key>objects</key>
	<dict>
		<key>115174BC18A75AF900BD7A69</key>
		<dict>
			<key>fileEncoding</key>
			<string>4</string>
			<key>isa</key>
			<string>PBXFileReference</string>
			<key>lastKnownFileType</key>
			<string>sourcecode.c.h</string>
			<key>path</key>
			<string>LoginSegue.h</string>
			<key>sourceTree</key>
			<string>&lt;group&gt;</string>
		</dict>
		<key>115174BD18A75AF900BD7A69</key>
		<dict>
			<key>fileEncoding</key>
			<string>4</string>
			<key>isa</key>
			<string>PBXFileReference</string>
			<key>lastKnownFileType</key>
			<string>sourcecode.c.objc</string>
			<key>path</key>
			<string>LoginSegue.m</string>
			<key>sourceTree</key>
			<string>&lt;group&gt;</string>
		</dict>
		<key>115174BE18A75AF900BD7A69</key>
		<dict>
			<key>fileRef</key>
			<string>115174BD18A75AF900BD7A69</string>
			<key>isa</key>
			<string>PBXBuildFile</string>
		</dict>
		<key>1151750918A77C7C00BD7A69</key>
		<dict>
			<key>fileEncoding</key>
			<string>4</string>
			<key>isa</key>
			<string>PBXFileReference</string>
			<key>lastKnownFileType</key>
			<string>sourcecode.c.h</string>
			<key>path</key>
			<string>UIButton+Nudge.h</string>
			<key>sourceTree</key>
			<string>&lt;group&gt;</string>
		</dict>
		<key>1151750A18A77C7C00BD7A69</key>
		<dict>
			<key>fileEncoding</key>
			<string>4</string>
			<key>isa</key>
			<string>PBXFileReference</string>
			<key>lastKnownFileType</key>
			<string>sourcecode.c.objc</string>
			<key>path</key>
			<string>UIButton+Nudge.m</string>
			<key>sourceTree</key>
			<string>&lt;group&gt;</string>
		</dict>
		<key>1151750B18A77C7C00BD7A69</key>
		<dict>
			<key>fileRef</key>
			<string>1151750A18A77C7C00BD7A69</string>
			<key>isa</key>
			<string>PBXBuildFile</string>
		</dict>
		<key>1151750C18A7815100BD7A69</key>
		<dict>
			<key>fileEncoding</key>
			<string>4</string>
			<key>isa</key>
			<string>PBXFileReference</string>
			<key>lastKnownFileType</key>
			<string>sourcecode.c.h</string>
			<key>path</key>
			<string>UILabel+Nudge.h</string>
			<key>sourceTree</key>
			<string>&lt;group&gt;</string>
		</dict>
		<key>1151750D18A7815100BD7A69</key>
		<dict>
			<key>fileEncoding</key>
			<string>4</string>
			<key>isa</key>
			<string>PBXFileReference</string>
			<key>lastKnownFileType</key>
			<string>sourcecode.c.objc</string>
			<key>path</key>
			<string>UILabel+Nudge.m</string>
			<key>sourceTree</key>
			<string>&lt;group&gt;</string>
		</dict>
		<key>1151750E18A7815100BD7A69</key>
		<dict>
			<key>fileRef</key>
			<string>1151750D18A7815100BD7A69</string>
			<key>isa</key>
			<string>PBXBuildFile</string>
		</dict>
		<key>1151751218A7858800BD7A69</key>
		<dict>
			<key>fileEncoding</key>
			<string>4</string>
			<key>isa</key>
			<string>PBXFileReference</string>
			<key>lastKnownFileType</key>
			<string>sourcecode.c.h</string>
			<key>name</key>
			<string>UITextField+Nudge.h</string>
			<key>path</key>
			<string>cuddle-app/UI/UITextField+Nudge.h</string>
			<key>sourceTree</key>
			<string>SOURCE_ROOT</string>
		</dict>
		<key>1151751318A7858800BD7A69</key>
		<dict>
			<key>fileEncoding</key>
			<string>4</string>
			<key>isa</key>
			<string>PBXFileReference</string>
			<key>lastKnownFileType</key>
			<string>sourcecode.c.objc</string>
			<key>name</key>
			<string>UITextField+Nudge.m</string>
			<key>path</key>
			<string>cuddle-app/UI/UITextField+Nudge.m</string>
			<key>sourceTree</key>
			<string>SOURCE_ROOT</string>
		</dict>
		<key>1151751418A7858800BD7A69</key>
		<dict>
			<key>fileRef</key>
			<string>1151751318A7858800BD7A69</string>
			<key>isa</key>
			<string>PBXBuildFile</string>
		</dict>
		<key>1151751518A86FC400BD7A69</key>
		<dict>
			<key>fileEncoding</key>
			<string>4</string>
			<key>isa</key>
			<string>PBXFileReference</string>
			<key>lastKnownFileType</key>
			<string>sourcecode.c.h</string>
			<key>path</key>
			<string>UITextView.h</string>
			<key>sourceTree</key>
			<string>&lt;group&gt;</string>
		</dict>
		<key>1151751618A86FC400BD7A69</key>
		<dict>
			<key>fileEncoding</key>
			<string>4</string>
			<key>isa</key>
			<string>PBXFileReference</string>
			<key>lastKnownFileType</key>
			<string>sourcecode.c.objc</string>
			<key>path</key>
			<string>UITextView.m</string>
			<key>sourceTree</key>
			<string>&lt;group&gt;</string>
		</dict>
		<key>1151751718A86FC400BD7A69</key>
		<dict>
			<key>fileRef</key>
			<string>1151751618A86FC400BD7A69</string>
			<key>isa</key>
			<string>PBXBuildFile</string>
		</dict>
		<key>116E022218A08F3C00A371A1</key>
		<dict>
			<key>isa</key>
			<string>PBXFileReference</string>
			<key>lastKnownFileType</key>
			<string>folder.assetcatalog</string>
			<key>name</key>
			<string>Media.xcassets</string>
			<key>path</key>
			<string>Resources/Media.xcassets</string>
			<key>sourceTree</key>
			<string>&lt;group&gt;</string>
		</dict>
		<key>116E022318A08F3C00A371A1</key>
		<dict>
			<key>fileRef</key>
			<string>116E022218A08F3C00A371A1</string>
			<key>isa</key>
			<string>PBXBuildFile</string>
		</dict>
		<key>11B71B3818A9E88E00FC93A6</key>
		<dict>
			<key>fileEncoding</key>
			<string>4</string>
			<key>isa</key>
			<string>PBXFileReference</string>
			<key>lastKnownFileType</key>
			<string>sourcecode.c.h</string>
			<key>path</key>
			<string>RegisterSegue.h</string>
			<key>sourceTree</key>
			<string>&lt;group&gt;</string>
		</dict>
		<key>11B71B3918A9E88E00FC93A6</key>
		<dict>
			<key>fileEncoding</key>
			<string>4</string>
			<key>isa</key>
			<string>PBXFileReference</string>
			<key>lastKnownFileType</key>
			<string>sourcecode.c.objc</string>
			<key>path</key>
			<string>RegisterSegue.m</string>
			<key>sourceTree</key>
			<string>&lt;group&gt;</string>
		</dict>
		<key>11B71B3A18A9E88E00FC93A6</key>
		<dict>
			<key>fileRef</key>
			<string>11B71B3918A9E88E00FC93A6</string>
			<key>isa</key>
			<string>PBXBuildFile</string>
		</dict>
		<key>11ED3BD418A7456400797B41</key>
		<dict>
			<key>isa</key>
			<string>PBXFileReference</string>
			<key>lastKnownFileType</key>
			<string>wrapper.framework</string>
			<key>path</key>
			<string>Crashlytics.framework</string>
			<key>sourceTree</key>
			<string>&lt;group&gt;</string>
		</dict>
		<key>1E92FD45C900177C31B3C03D</key>
		<dict>
			<key>includeInIndex</key>
			<string>1</string>
			<key>isa</key>
			<string>PBXFileReference</string>
			<key>lastKnownFileType</key>
			<string>text.xcconfig</string>
			<key>name</key>
			<string>Pods.debug.xcconfig</string>
			<key>path</key>
			<string>Pods/Target Support Files/Pods/Pods.debug.xcconfig</string>
			<key>sourceTree</key>
			<string>&lt;group&gt;</string>
		</dict>
		<key>2094AEB192DFA887CB05BCAB</key>
		<dict>
			<key>children</key>
			<array>
				<string>1E92FD45C900177C31B3C03D</string>
				<string>8789F3563DDE3F2070F63131</string>
				<string>BAD78B6004FDFE05C7767E00</string>
			</array>
			<key>isa</key>
			<string>PBXGroup</string>
			<key>name</key>
			<string>Pods</string>
			<key>sourceTree</key>
			<string>&lt;group&gt;</string>
		</dict>
		<key>36133AD716EB06CB00C33D3B</key>
		<dict>
			<key>buildSettings</key>
			<dict>
				<key>ALWAYS_SEARCH_USER_PATHS</key>
				<string>NO</string>
				<key>CLANG_CXX_LANGUAGE_STANDARD</key>
				<string>gnu++0x</string>
				<key>CLANG_CXX_LIBRARY</key>
				<string>libc++</string>
				<key>CLANG_ENABLE_OBJC_ARC</key>
				<string>YES</string>
				<key>CLANG_WARN_CONSTANT_CONVERSION</key>
				<string>YES</string>
				<key>CLANG_WARN_EMPTY_BODY</key>
				<string>YES</string>
				<key>CLANG_WARN_ENUM_CONVERSION</key>
				<string>YES</string>
				<key>CLANG_WARN_INT_CONVERSION</key>
				<string>YES</string>
				<key>CLANG_WARN__DUPLICATE_METHOD_MATCH</key>
				<string>YES</string>
				<key>CODE_SIGN_IDENTITY</key>
				<string>iPhone Developer: Michael Silvis (JG99G662W3)</string>
				<key>CODE_SIGN_IDENTITY[sdk=iphoneos*]</key>
				<string>iPhone Developer: Michael Silvis (JG99G662W3)</string>
				<key>COPY_PHASE_STRIP</key>
				<string>YES</string>
				<key>GCC_C_LANGUAGE_STANDARD</key>
				<string>gnu99</string>
				<key>GCC_WARN_ABOUT_RETURN_TYPE</key>
				<string>YES</string>
				<key>GCC_WARN_UNINITIALIZED_AUTOS</key>
				<string>YES</string>
				<key>GCC_WARN_UNUSED_VARIABLE</key>
				<string>YES</string>
				<key>IPHONEOS_DEPLOYMENT_TARGET</key>
				<string>6.1</string>
				<key>OTHER_CFLAGS</key>
				<string>-DNS_BLOCK_ASSERTIONS=1</string>
				<key>PROVISIONING_PROFILE</key>
				<string>29A9C8EA-5D0A-4F87-9B01-4792924839FC</string>
				<key>PROVISIONING_PROFILE[sdk=iphoneos*]</key>
				<string>29A9C8EA-5D0A-4F87-9B01-4792924839FC</string>
				<key>SDKROOT</key>
				<string>iphoneos</string>
				<key>TARGETED_DEVICE_FAMILY</key>
				<string>1,2</string>
				<key>VALIDATE_PRODUCT</key>
				<string>YES</string>
			</dict>
			<key>isa</key>
			<string>XCBuildConfiguration</string>
			<key>name</key>
			<string>adhoc</string>
		</dict>
		<key>36133AD816EB06CB00C33D3B</key>
		<dict>
			<key>baseConfigurationReference</key>
			<string>BAD78B6004FDFE05C7767E00</string>
			<key>buildSettings</key>
			<dict>
				<key>ASSETCATALOG_COMPILER_APPICON_NAME</key>
				<string>AppIcon</string>
				<key>ASSETCATALOG_COMPILER_LAUNCHIMAGE_NAME</key>
				<string>LaunchImage</string>
				<key>CODE_SIGN_IDENTITY</key>
				<string>iPhone Developer</string>
				<key>CODE_SIGN_IDENTITY[sdk=iphoneos*]</key>
				<string>iPhone Developer</string>
				<key>FRAMEWORK_SEARCH_PATHS</key>
				<array>
					<string>$(inherited)</string>
					<string>$(SRCROOT)</string>
					<string>/Users/silvis/Documents/code/cuddle-app/nudge-app</string>
				</array>
				<key>GCC_PRECOMPILE_PREFIX_HEADER</key>
				<string>YES</string>
				<key>GCC_PREFIX_HEADER</key>
				<string>cuddle-app/nudge-Prefix.pch</string>
				<key>INFOPLIST_FILE</key>
				<string>cuddle-app/nudge-Info.plist</string>
				<key>IPHONEOS_DEPLOYMENT_TARGET</key>
				<string>7.0</string>
				<key>PRODUCT_NAME</key>
				<string>nudge</string>
				<key>PROVISIONING_PROFILE</key>
				<string></string>
				<key>TARGETED_DEVICE_FAMILY</key>
				<string>1</string>
				<key>WRAPPER_EXTENSION</key>
				<string>app</string>
			</dict>
			<key>isa</key>
			<string>XCBuildConfiguration</string>
			<key>name</key>
			<string>adhoc</string>
		</dict>
		<key>36232B4416E286390029A175</key>
		<dict>
			<key>isa</key>
			<string>PBXFileReference</string>
			<key>lastKnownFileType</key>
			<string>wrapper.framework</string>
			<key>name</key>
			<string>MessageUI.framework</string>
			<key>path</key>
			<string>System/Library/Frameworks/MessageUI.framework</string>
			<key>sourceTree</key>
			<string>SDKROOT</string>
		</dict>
		<key>36232B4516E286390029A175</key>
		<dict>
			<key>fileRef</key>
			<string>36232B4416E286390029A175</string>
			<key>isa</key>
			<string>PBXBuildFile</string>
		</dict>
		<key>36232B6A16E2B3FA0029A175</key>
		<dict>
			<key>fileEncoding</key>
			<string>4</string>
			<key>isa</key>
			<string>PBXFileReference</string>
			<key>lastKnownFileType</key>
			<string>sourcecode.c.h</string>
			<key>name</key>
			<string>ContactHistoryCell.h</string>
			<key>path</key>
			<string>../Cells/ContactHistoryCell.h</string>
			<key>sourceTree</key>
			<string>&lt;group&gt;</string>
		</dict>
		<key>36232B6B16E2B3FA0029A175</key>
		<dict>
			<key>fileEncoding</key>
			<string>4</string>
			<key>isa</key>
			<string>PBXFileReference</string>
			<key>lastKnownFileType</key>
			<string>sourcecode.c.objc</string>
			<key>name</key>
			<string>ContactHistoryCell.m</string>
			<key>path</key>
			<string>../Cells/ContactHistoryCell.m</string>
			<key>sourceTree</key>
			<string>&lt;group&gt;</string>
		</dict>
		<key>36232B6C16E2B3FA0029A175</key>
		<dict>
			<key>fileRef</key>
			<string>36232B6B16E2B3FA0029A175</string>
			<key>isa</key>
			<string>PBXBuildFile</string>
		</dict>
		<key>362D55F616C8667400A3423D</key>
		<dict>
			<key>children</key>
			<array>
				<string>DA58A56D16C8BFD6006D7F55</string>
				<string>DA58A56E16C8BFD6006D7F55</string>
				<string>365D019D16DC38780091CBA6</string>
				<string>365D019E16DC38780091CBA6</string>
			</array>
			<key>isa</key>
			<string>PBXGroup</string>
			<key>path</key>
			<string>Models</string>
			<key>sourceTree</key>
			<string>&lt;group&gt;</string>
		</dict>
		<key>362D55F716C8667F00A3423D</key>
		<dict>
			<key>children</key>
			<array>
				<string>36FDEF5916EA9C2F00488113</string>
				<string>36FDEF5A16EA9C2F00488113</string>
				<string>36A6605016E457F5003D3C99</string>
				<string>36A6605116E457F5003D3C99</string>
				<string>362D55FE16C86FD400A3423D</string>
				<string>362D55FF16C86FD400A3423D</string>
				<string>3641707916FA809B001B1893</string>
				<string>3641707A16FA809B001B1893</string>
				<string>362D55FB16C8674B00A3423D</string>
				<string>362D55FC16C8674B00A3423D</string>
				<string>36FFBF6E16C85DDF00CC3140</string>
				<string>36FFBF6F16C85DDF00CC3140</string>
				<string>DA36C78D16CB5D6E001D7889</string>
				<string>DA36C78E16CB5D6F001D7889</string>
				<string>366917D616D7143500DF21E9</string>
				<string>366917D716D7143500DF21E9</string>
			</array>
			<key>isa</key>
			<string>PBXGroup</string>
			<key>path</key>
			<string>Controllers</string>
			<key>sourceTree</key>
			<string>&lt;group&gt;</string>
		</dict>
		<key>362D55F816C866B000A3423D</key>
		<dict>
			<key>fileEncoding</key>
			<string>4</string>
			<key>isa</key>
			<string>PBXFileReference</string>
			<key>lastKnownFileType</key>
			<string>sourcecode.c.h</string>
			<key>name</key>
			<string>ContactInfoCell.h</string>
			<key>path</key>
			<string>../Cells/ContactInfoCell.h</string>
			<key>sourceTree</key>
			<string>&lt;group&gt;</string>
		</dict>
		<key>362D55F916C866B000A3423D</key>
		<dict>
			<key>fileEncoding</key>
			<string>4</string>
			<key>isa</key>
			<string>PBXFileReference</string>
			<key>lastKnownFileType</key>
			<string>sourcecode.c.objc</string>
			<key>name</key>
			<string>ContactInfoCell.m</string>
			<key>path</key>
			<string>../Cells/ContactInfoCell.m</string>
			<key>sourceTree</key>
			<string>&lt;group&gt;</string>
		</dict>
		<key>362D55FA16C866B000A3423D</key>
		<dict>
			<key>fileRef</key>
			<string>362D55F916C866B000A3423D</string>
			<key>isa</key>
			<string>PBXBuildFile</string>
		</dict>
		<key>362D55FB16C8674B00A3423D</key>
		<dict>
			<key>fileEncoding</key>
			<string>4</string>
			<key>isa</key>
			<string>PBXFileReference</string>
			<key>lastKnownFileType</key>
			<string>sourcecode.c.h</string>
			<key>path</key>
			<string>ContactIndexController.h</string>
			<key>sourceTree</key>
			<string>&lt;group&gt;</string>
		</dict>
		<key>362D55FC16C8674B00A3423D</key>
		<dict>
			<key>fileEncoding</key>
			<string>4</string>
			<key>indentWidth</key>
			<string>2</string>
			<key>isa</key>
			<string>PBXFileReference</string>
			<key>lastKnownFileType</key>
			<string>sourcecode.c.objc</string>
			<key>path</key>
			<string>ContactIndexController.m</string>
			<key>sourceTree</key>
			<string>&lt;group&gt;</string>
			<key>tabWidth</key>
			<string>2</string>
		</dict>
		<key>362D55FD16C8674B00A3423D</key>
		<dict>
			<key>fileRef</key>
			<string>362D55FC16C8674B00A3423D</string>
			<key>isa</key>
			<string>PBXBuildFile</string>
		</dict>
		<key>362D55FE16C86FD400A3423D</key>
		<dict>
			<key>fileEncoding</key>
			<string>4</string>
			<key>isa</key>
			<string>PBXFileReference</string>
			<key>lastKnownFileType</key>
			<string>sourcecode.c.h</string>
			<key>path</key>
			<string>ContactShowViewController.h</string>
			<key>sourceTree</key>
			<string>&lt;group&gt;</string>
		</dict>
		<key>362D55FF16C86FD400A3423D</key>
		<dict>
			<key>fileEncoding</key>
			<string>4</string>
			<key>isa</key>
			<string>PBXFileReference</string>
			<key>lastKnownFileType</key>
			<string>sourcecode.c.objc</string>
			<key>path</key>
			<string>ContactShowViewController.m</string>
			<key>sourceTree</key>
			<string>&lt;group&gt;</string>
		</dict>
		<key>362D560016C86FD400A3423D</key>
		<dict>
			<key>fileRef</key>
			<string>362D55FF16C86FD400A3423D</string>
			<key>isa</key>
			<string>PBXBuildFile</string>
		</dict>
		<key>3641707916FA809B001B1893</key>
		<dict>
			<key>fileEncoding</key>
			<string>4</string>
			<key>isa</key>
			<string>PBXFileReference</string>
			<key>lastKnownFileType</key>
			<string>sourcecode.c.h</string>
			<key>path</key>
			<string>FrequencyPickerController.h</string>
			<key>sourceTree</key>
			<string>&lt;group&gt;</string>
		</dict>
		<key>3641707A16FA809B001B1893</key>
		<dict>
			<key>fileEncoding</key>
			<string>4</string>
			<key>isa</key>
			<string>PBXFileReference</string>
			<key>lastKnownFileType</key>
			<string>sourcecode.c.objc</string>
			<key>path</key>
			<string>FrequencyPickerController.m</string>
			<key>sourceTree</key>
			<string>&lt;group&gt;</string>
		</dict>
		<key>3641707B16FA809B001B1893</key>
		<dict>
			<key>fileRef</key>
			<string>3641707A16FA809B001B1893</string>
			<key>isa</key>
			<string>PBXBuildFile</string>
		</dict>
		<key>3641707C16FA83D1001B1893</key>
		<dict>
			<key>fileEncoding</key>
			<string>4</string>
			<key>isa</key>
			<string>PBXFileReference</string>
			<key>lastKnownFileType</key>
			<string>sourcecode.c.h</string>
			<key>path</key>
			<string>FrequencySegue.h</string>
			<key>sourceTree</key>
			<string>&lt;group&gt;</string>
		</dict>
		<key>3641707D16FA83D1001B1893</key>
		<dict>
			<key>fileEncoding</key>
			<string>4</string>
			<key>isa</key>
			<string>PBXFileReference</string>
			<key>lastKnownFileType</key>
			<string>sourcecode.c.objc</string>
			<key>path</key>
			<string>FrequencySegue.m</string>
			<key>sourceTree</key>
			<string>&lt;group&gt;</string>
		</dict>
		<key>3641707E16FA83D1001B1893</key>
		<dict>
			<key>fileRef</key>
			<string>3641707D16FA83D1001B1893</string>
			<key>isa</key>
			<string>PBXBuildFile</string>
		</dict>
		<key>365D019D16DC38780091CBA6</key>
		<dict>
			<key>fileEncoding</key>
			<string>4</string>
			<key>isa</key>
			<string>PBXFileReference</string>
			<key>lastKnownFileType</key>
			<string>sourcecode.c.h</string>
			<key>path</key>
			<string>User.h</string>
			<key>sourceTree</key>
			<string>&lt;group&gt;</string>
		</dict>
		<key>365D019E16DC38780091CBA6</key>
		<dict>
			<key>fileEncoding</key>
			<string>4</string>
			<key>isa</key>
			<string>PBXFileReference</string>
			<key>lastKnownFileType</key>
			<string>sourcecode.c.objc</string>
			<key>path</key>
			<string>User.m</string>
			<key>sourceTree</key>
			<string>&lt;group&gt;</string>
		</dict>
		<key>365D019F16DC38780091CBA6</key>
		<dict>
			<key>fileRef</key>
			<string>365D019E16DC38780091CBA6</string>
			<key>isa</key>
			<string>PBXBuildFile</string>
		</dict>
		<key>366917D616D7143500DF21E9</key>
		<dict>
			<key>fileEncoding</key>
			<string>4</string>
			<key>isa</key>
			<string>PBXFileReference</string>
			<key>lastKnownFileType</key>
			<string>sourcecode.c.h</string>
			<key>path</key>
			<string>LonelyController.h</string>
			<key>sourceTree</key>
			<string>&lt;group&gt;</string>
		</dict>
		<key>366917D716D7143500DF21E9</key>
		<dict>
			<key>fileEncoding</key>
			<string>4</string>
			<key>isa</key>
			<string>PBXFileReference</string>
			<key>lastKnownFileType</key>
			<string>sourcecode.c.objc</string>
			<key>path</key>
			<string>LonelyController.m</string>
			<key>sourceTree</key>
			<string>&lt;group&gt;</string>
		</dict>
		<key>366917D816D7143500DF21E9</key>
		<dict>
			<key>fileRef</key>
			<string>366917D716D7143500DF21E9</string>
			<key>isa</key>
			<string>PBXBuildFile</string>
		</dict>
		<key>366917DA16D7149900DF21E9</key>
		<dict>
			<key>children</key>
			<array>
				<string>11B71B3818A9E88E00FC93A6</string>
				<string>11B71B3918A9E88E00FC93A6</string>
				<string>366917DB16D714E600DF21E9</string>
				<string>366917DC16D714E600DF21E9</string>
				<string>3641707C16FA83D1001B1893</string>
				<string>3641707D16FA83D1001B1893</string>
				<string>115174BC18A75AF900BD7A69</string>
				<string>115174BD18A75AF900BD7A69</string>
			</array>
			<key>isa</key>
			<string>PBXGroup</string>
			<key>path</key>
			<string>Segue</string>
			<key>sourceTree</key>
			<string>&lt;group&gt;</string>
		</dict>
		<key>366917DB16D714E600DF21E9</key>
		<dict>
			<key>fileEncoding</key>
			<string>4</string>
			<key>isa</key>
			<string>PBXFileReference</string>
			<key>lastKnownFileType</key>
			<string>sourcecode.c.h</string>
			<key>path</key>
			<string>LonelySegue.h</string>
			<key>sourceTree</key>
			<string>&lt;group&gt;</string>
		</dict>
		<key>366917DC16D714E600DF21E9</key>
		<dict>
			<key>fileEncoding</key>
			<string>4</string>
			<key>isa</key>
			<string>PBXFileReference</string>
			<key>lastKnownFileType</key>
			<string>sourcecode.c.objc</string>
			<key>path</key>
			<string>LonelySegue.m</string>
			<key>sourceTree</key>
			<string>&lt;group&gt;</string>
		</dict>
		<key>366917DD16D714E600DF21E9</key>
		<dict>
			<key>fileRef</key>
			<string>366917DC16D714E600DF21E9</string>
			<key>isa</key>
			<string>PBXBuildFile</string>
		</dict>
		<key>367EB9C616EE4CA3006828BE</key>
		<dict>
			<key>buildActionMask</key>
			<string>8</string>
			<key>files</key>
			<array/>
			<key>inputPaths</key>
			<array/>
			<key>isa</key>
			<string>PBXShellScriptBuildPhase</string>
			<key>outputPaths</key>
			<array/>
			<key>runOnlyForDeploymentPostprocessing</key>
			<string>1</string>
			<key>shellPath</key>
			<string>/bin/sh</string>
			<key>shellScript</key>
			<string>./Crashlytics.framework/run 2c4de91dd9eef6b63fa865a54c345433bebc795a f2c077a7ba4dd3074bbe966df8ebb9f52bfb88a9766299b7cd956fad37b1812d</string>
		</dict>
		<key>367EB9C716EE4CDA006828BE</key>
		<dict>
			<key>isa</key>
			<string>PBXFileReference</string>
			<key>lastKnownFileType</key>
			<string>wrapper.framework</string>
			<key>path</key>
			<string>Crashlytics.framework</string>
			<key>sourceTree</key>
			<string>&lt;group&gt;</string>
		</dict>
		<key>36940A5E16ECE9C0008CFBAC</key>
		<dict>
			<key>children</key>
			<array>
				<string>36940A6216ECEA12008CFBAC</string>
				<string>36940A6316ECEA12008CFBAC</string>
			</array>
			<key>isa</key>
			<string>PBXGroup</string>
			<key>path</key>
			<string>Helpers</string>
			<key>sourceTree</key>
			<string>&lt;group&gt;</string>
		</dict>
		<key>36940A6216ECEA12008CFBAC</key>
		<dict>
			<key>fileEncoding</key>
			<string>4</string>
			<key>isa</key>
			<string>PBXFileReference</string>
			<key>lastKnownFileType</key>
			<string>sourcecode.c.h</string>
			<key>path</key>
			<string>NSDateTimeAgo.h</string>
			<key>sourceTree</key>
			<string>&lt;group&gt;</string>
		</dict>
		<key>36940A6316ECEA12008CFBAC</key>
		<dict>
			<key>fileEncoding</key>
			<string>4</string>
			<key>isa</key>
			<string>PBXFileReference</string>
			<key>lastKnownFileType</key>
			<string>sourcecode.c.objc</string>
			<key>path</key>
			<string>NSDateTimeAgo.m</string>
			<key>sourceTree</key>
			<string>&lt;group&gt;</string>
		</dict>
		<key>36940A6416ECEA12008CFBAC</key>
		<dict>
			<key>fileRef</key>
			<string>36940A6316ECEA12008CFBAC</string>
			<key>isa</key>
			<string>PBXBuildFile</string>
		</dict>
		<key>36A6605016E457F5003D3C99</key>
		<dict>
			<key>fileEncoding</key>
			<string>4</string>
			<key>isa</key>
			<string>PBXFileReference</string>
			<key>lastKnownFileType</key>
			<string>sourcecode.c.h</string>
			<key>path</key>
			<string>ContactHistoryController.h</string>
			<key>sourceTree</key>
			<string>&lt;group&gt;</string>
		</dict>
		<key>36A6605116E457F5003D3C99</key>
		<dict>
			<key>fileEncoding</key>
			<string>4</string>
			<key>isa</key>
			<string>PBXFileReference</string>
			<key>lastKnownFileType</key>
			<string>sourcecode.c.objc</string>
			<key>path</key>
			<string>ContactHistoryController.m</string>
			<key>sourceTree</key>
			<string>&lt;group&gt;</string>
		</dict>
		<key>36A6605216E457F5003D3C99</key>
		<dict>
			<key>fileRef</key>
			<string>36A6605116E457F5003D3C99</string>
			<key>isa</key>
			<string>PBXBuildFile</string>
		</dict>
		<key>36A9EBE416C8A1CE000E084C</key>
		<dict>
			<key>isa</key>
			<string>PBXFileReference</string>
			<key>lastKnownFileType</key>
			<string>wrapper.framework</string>
			<key>name</key>
			<string>AddressBook.framework</string>
			<key>path</key>
			<string>System/Library/Frameworks/AddressBook.framework</string>
			<key>sourceTree</key>
			<string>SDKROOT</string>
		</dict>
		<key>36A9EBE516C8A1CE000E084C</key>
		<dict>
			<key>fileRef</key>
			<string>36A9EBE416C8A1CE000E084C</string>
			<key>isa</key>
			<string>PBXBuildFile</string>
		</dict>
		<key>36A9EBE616C8A1D1000E084C</key>
		<dict>
			<key>isa</key>
			<string>PBXFileReference</string>
			<key>lastKnownFileType</key>
			<string>wrapper.framework</string>
			<key>name</key>
			<string>AddressBookUI.framework</string>
			<key>path</key>
			<string>System/Library/Frameworks/AddressBookUI.framework</string>
			<key>sourceTree</key>
			<string>SDKROOT</string>
		</dict>
		<key>36A9EBE716C8A1D1000E084C</key>
		<dict>
			<key>fileRef</key>
			<string>36A9EBE616C8A1D1000E084C</string>
			<key>isa</key>
			<string>PBXBuildFile</string>
		</dict>
		<key>36F7E59416E05A62007BB7A6</key>
		<dict>
			<key>fileEncoding</key>
			<string>4</string>
			<key>isa</key>
			<string>PBXFileReference</string>
			<key>lastKnownFileType</key>
			<string>sourcecode.c.h</string>
			<key>path</key>
			<string>CuddleNavBar.h</string>
			<key>sourceTree</key>
			<string>&lt;group&gt;</string>
		</dict>
		<key>36F7E59516E05A62007BB7A6</key>
		<dict>
			<key>fileEncoding</key>
			<string>4</string>
			<key>isa</key>
			<string>PBXFileReference</string>
			<key>lastKnownFileType</key>
			<string>sourcecode.c.objc</string>
			<key>path</key>
			<string>CuddleNavBar.m</string>
			<key>sourceTree</key>
			<string>&lt;group&gt;</string>
		</dict>
		<key>36F7E59616E05A62007BB7A6</key>
		<dict>
			<key>fileRef</key>
			<string>36F7E59516E05A62007BB7A6</string>
			<key>isa</key>
			<string>PBXBuildFile</string>
		</dict>
		<key>36F7E59716E05ABD007BB7A6</key>
		<dict>
			<key>children</key>
			<array>
				<string>36232B6A16E2B3FA0029A175</string>
				<string>36232B6B16E2B3FA0029A175</string>
				<string>362D55F816C866B000A3423D</string>
				<string>362D55F916C866B000A3423D</string>
				<string>1151750C18A7815100BD7A69</string>
				<string>1151750D18A7815100BD7A69</string>
				<string>1151750918A77C7C00BD7A69</string>
				<string>1151750A18A77C7C00BD7A69</string>
				<string>36F7E59416E05A62007BB7A6</string>
				<string>36F7E59516E05A62007BB7A6</string>
				<string>1151751218A7858800BD7A69</string>
				<string>1151751318A7858800BD7A69</string>
				<string>1151751518A86FC400BD7A69</string>
				<string>1151751618A86FC400BD7A69</string>
			</array>
			<key>isa</key>
			<string>PBXGroup</string>
			<key>path</key>
			<string>UI</string>
			<key>sourceTree</key>
			<string>&lt;group&gt;</string>
		</dict>
		<key>36FDEF5916EA9C2F00488113</key>
		<dict>
			<key>fileEncoding</key>
			<string>4</string>
			<key>isa</key>
			<string>PBXFileReference</string>
			<key>lastKnownFileType</key>
			<string>sourcecode.c.h</string>
			<key>path</key>
			<string>WelcomeController.h</string>
			<key>sourceTree</key>
			<string>&lt;group&gt;</string>
		</dict>
		<key>36FDEF5A16EA9C2F00488113</key>
		<dict>
			<key>fileEncoding</key>
			<string>4</string>
			<key>isa</key>
			<string>PBXFileReference</string>
			<key>lastKnownFileType</key>
			<string>sourcecode.c.objc</string>
			<key>path</key>
			<string>WelcomeController.m</string>
			<key>sourceTree</key>
			<string>&lt;group&gt;</string>
		</dict>
		<key>36FDEF5B16EA9C2F00488113</key>
		<dict>
			<key>fileRef</key>
			<string>36FDEF5A16EA9C2F00488113</string>
			<key>isa</key>
			<string>PBXBuildFile</string>
		</dict>
		<key>36FFBF4416C85DDF00CC3140</key>
		<dict>
			<key>children</key>
			<array>
				<string>36FFBF5616C85DDF00CC3140</string>
				<string>36FFBF7D16C85DDF00CC3140</string>
				<string>36FFBF4F16C85DDF00CC3140</string>
				<string>36FFBF4E16C85DDF00CC3140</string>
				<string>2094AEB192DFA887CB05BCAB</string>
			</array>
			<key>indentWidth</key>
			<string>2</string>
			<key>isa</key>
			<string>PBXGroup</string>
			<key>sourceTree</key>
			<string>&lt;group&gt;</string>
			<key>tabWidth</key>
			<string>2</string>
		</dict>
		<key>36FFBF4516C85DDF00CC3140</key>
		<dict>
			<key>attributes</key>
			<dict>
				<key>LastTestingUpgradeCheck</key>
				<string>0600</string>
				<key>LastUpgradeCheck</key>
				<string>0510</string>
				<key>ORGANIZATIONNAME</key>
				<string>Mike Silvis</string>
				<key>TargetAttributes</key>
				<dict>
					<key>36FFBF4C16C85DDF00CC3140</key>
					<dict>
						<key>DevelopmentTeam</key>
						<string>78USZ8YX87</string>
						<key>SystemCapabilities</key>
						<dict>
							<key>com.apple.InAppPurchase</key>
							<dict>
								<key>enabled</key>
								<string>0</string>
							</dict>
						</dict>
					</dict>
				</dict>
			</dict>
			<key>buildConfigurationList</key>
			<string>36FFBF4816C85DDF00CC3140</string>
			<key>compatibilityVersion</key>
			<string>Xcode 3.2</string>
			<key>developmentRegion</key>
			<string>English</string>
			<key>hasScannedForEncodings</key>
			<string>0</string>
			<key>isa</key>
			<string>PBXProject</string>
			<key>knownRegions</key>
			<array>
				<string>en</string>
			</array>
			<key>mainGroup</key>
			<string>36FFBF4416C85DDF00CC3140</string>
			<key>productRefGroup</key>
			<string>36FFBF4E16C85DDF00CC3140</string>
			<key>projectDirPath</key>
			<string></string>
			<key>projectReferences</key>
			<array/>
			<key>projectRoot</key>
			<string></string>
			<key>targets</key>
			<array>
				<string>36FFBF4C16C85DDF00CC3140</string>
			</array>
		</dict>
		<key>36FFBF4816C85DDF00CC3140</key>
		<dict>
			<key>buildConfigurations</key>
			<array>
				<string>36FFBF8616C85DDF00CC3140</string>
				<string>36FFBF8716C85DDF00CC3140</string>
				<string>36133AD716EB06CB00C33D3B</string>
			</array>
			<key>defaultConfigurationIsVisible</key>
			<string>0</string>
			<key>defaultConfigurationName</key>
			<string>Release</string>
			<key>isa</key>
			<string>XCConfigurationList</string>
		</dict>
		<key>36FFBF4916C85DDF00CC3140</key>
		<dict>
			<key>buildActionMask</key>
			<string>2147483647</string>
			<key>files</key>
			<array>
				<string>11B71B3A18A9E88E00FC93A6</string>
				<string>36FFBF5D16C85DDF00CC3140</string>
				<string>36FFBF6116C85DDF00CC3140</string>
				<string>36FFBF7016C85DDF00CC3140</string>
				<string>362D55FA16C866B000A3423D</string>
				<string>362D55FD16C8674B00A3423D</string>
				<string>362D560016C86FD400A3423D</string>
				<string>DA58A56F16C8BFD6006D7F55</string>
				<string>1151751418A7858800BD7A69</string>
				<string>DA36C78F16CB5D6F001D7889</string>
				<string>1151750E18A7815100BD7A69</string>
				<string>366917D816D7143500DF21E9</string>
				<string>1151750B18A77C7C00BD7A69</string>
				<string>1151751718A86FC400BD7A69</string>
				<string>366917DD16D714E600DF21E9</string>
				<string>115174BE18A75AF900BD7A69</string>
				<string>365D019F16DC38780091CBA6</string>
				<string>36F7E59616E05A62007BB7A6</string>
				<string>36232B6C16E2B3FA0029A175</string>
				<string>36A6605216E457F5003D3C99</string>
				<string>36FDEF5B16EA9C2F00488113</string>
				<string>36940A6416ECEA12008CFBAC</string>
				<string>3641707B16FA809B001B1893</string>
				<string>3641707E16FA83D1001B1893</string>
			</array>
			<key>isa</key>
			<string>PBXSourcesBuildPhase</string>
			<key>runOnlyForDeploymentPostprocessing</key>
			<string>0</string>
		</dict>
		<key>36FFBF4A16C85DDF00CC3140</key>
		<dict>
			<key>buildActionMask</key>
			<string>2147483647</string>
			<key>files</key>
			<array>
				<string>36232B4516E286390029A175</string>
				<string>DAD3EC0516CA1A6600E56737</string>
				<string>DAD3EBFF16CA1A5600E56737</string>
				<string>DAD3EBFD16CA1A4F00E56737</string>
				<string>DAD3EBFB16CA1A4A00E56737</string>
				<string>DAD3EBF916CA1A3E00E56737</string>
				<string>DAD3EBF716CA1A3000E56737</string>
				<string>DAD3EBF516CA1A2800E56737</string>
				<string>36FFBF5516C85DDF00CC3140</string>
				<string>DAD3EBF316CA1A1800E56737</string>
				<string>DAD3EBF116CA1A0F00E56737</string>
				<string>DAD3EBED16CA19FF00E56737</string>
				<string>36A9EBE716C8A1D1000E084C</string>
				<string>36A9EBE516C8A1CE000E084C</string>
				<string>36FFBF5116C85DDF00CC3140</string>
				<string>36FFBF5316C85DDF00CC3140</string>
				<string>3959A85AFBFCB22E27496887</string>
			</array>
			<key>isa</key>
			<string>PBXFrameworksBuildPhase</string>
			<key>runOnlyForDeploymentPostprocessing</key>
			<string>0</string>
		</dict>
		<key>36FFBF4B16C85DDF00CC3140</key>
		<dict>
			<key>buildActionMask</key>
			<string>2147483647</string>
			<key>files</key>
			<array>
				<string>36FFBF5B16C85DDF00CC3140</string>
				<string>36FFBF6A16C85DDF00CC3140</string>
				<string>116E022318A08F3C00A371A1</string>
			</array>
			<key>isa</key>
			<string>PBXResourcesBuildPhase</string>
			<key>runOnlyForDeploymentPostprocessing</key>
			<string>0</string>
		</dict>
		<key>36FFBF4C16C85DDF00CC3140</key>
		<dict>
			<key>buildConfigurationList</key>
			<string>36FFBF8816C85DDF00CC3140</string>
			<key>buildPhases</key>
			<array>
				<string>E641B0C8E5F520173D3E98FD</string>
				<string>36FFBF4916C85DDF00CC3140</string>
				<string>36FFBF4A16C85DDF00CC3140</string>
				<string>36FFBF4B16C85DDF00CC3140</string>
				<string>70B8F35BA243472BB50A70E2</string>
				<string>367EB9C616EE4CA3006828BE</string>
			</array>
			<key>buildRules</key>
			<array/>
			<key>dependencies</key>
			<array/>
			<key>isa</key>
			<string>PBXNativeTarget</string>
			<key>name</key>
			<string>nudge</string>
			<key>productName</key>
			<string>cuddle-app</string>
			<key>productReference</key>
			<string>36FFBF4D16C85DDF00CC3140</string>
			<key>productType</key>
			<string>com.apple.product-type.application</string>
		</dict>
		<key>36FFBF4D16C85DDF00CC3140</key>
		<dict>
			<key>explicitFileType</key>
			<string>wrapper.application</string>
			<key>includeInIndex</key>
			<string>0</string>
			<key>isa</key>
			<string>PBXFileReference</string>
			<key>path</key>
			<string>nudge.app</string>
			<key>sourceTree</key>
			<string>BUILT_PRODUCTS_DIR</string>
		</dict>
		<key>36FFBF4E16C85DDF00CC3140</key>
		<dict>
			<key>children</key>
			<array>
				<string>36FFBF4D16C85DDF00CC3140</string>
			</array>
			<key>isa</key>
			<string>PBXGroup</string>
			<key>name</key>
			<string>Products</string>
			<key>sourceTree</key>
			<string>&lt;group&gt;</string>
		</dict>
		<key>36FFBF4F16C85DDF00CC3140</key>
		<dict>
			<key>children</key>
			<array>
				<string>11ED3BD418A7456400797B41</string>
				<string>367EB9C716EE4CDA006828BE</string>
				<string>36232B4416E286390029A175</string>
				<string>DAD3EC0416CA1A6600E56737</string>
				<string>DAD3EC0016CA1A5B00E56737</string>
				<string>DAD3EBFE16CA1A5600E56737</string>
				<string>DAD3EBFC16CA1A4F00E56737</string>
				<string>DAD3EBFA16CA1A4A00E56737</string>
				<string>DAD3EBF816CA1A3E00E56737</string>
				<string>DAD3EBF616CA1A3000E56737</string>
				<string>DAD3EBF416CA1A2800E56737</string>
				<string>DAD3EBF216CA1A1800E56737</string>
				<string>DAD3EBF016CA1A0F00E56737</string>
				<string>DAD3EBEE16CA1A0700E56737</string>
				<string>DAD3EBEC16CA19FF00E56737</string>
				<string>DAD3EBEA16CA19C900E56737</string>
				<string>36A9EBE616C8A1D1000E084C</string>
				<string>36A9EBE416C8A1CE000E084C</string>
				<string>36FFBF5016C85DDF00CC3140</string>
				<string>36FFBF5216C85DDF00CC3140</string>
				<string>36FFBF5416C85DDF00CC3140</string>
				<string>36FFBF7716C85DDF00CC3140</string>
				<string>44275C98D0A34A6484197B49</string>
			</array>
			<key>isa</key>
			<string>PBXGroup</string>
			<key>name</key>
			<string>Frameworks</string>
			<key>sourceTree</key>
			<string>&lt;group&gt;</string>
		</dict>
		<key>36FFBF5016C85DDF00CC3140</key>
		<dict>
			<key>isa</key>
			<string>PBXFileReference</string>
			<key>lastKnownFileType</key>
			<string>wrapper.framework</string>
			<key>name</key>
			<string>UIKit.framework</string>
			<key>path</key>
			<string>System/Library/Frameworks/UIKit.framework</string>
			<key>sourceTree</key>
			<string>SDKROOT</string>
		</dict>
		<key>36FFBF5116C85DDF00CC3140</key>
		<dict>
			<key>fileRef</key>
			<string>36FFBF5016C85DDF00CC3140</string>
			<key>isa</key>
			<string>PBXBuildFile</string>
		</dict>
		<key>36FFBF5216C85DDF00CC3140</key>
		<dict>
			<key>isa</key>
			<string>PBXFileReference</string>
			<key>lastKnownFileType</key>
			<string>wrapper.framework</string>
			<key>name</key>
			<string>Foundation.framework</string>
			<key>path</key>
			<string>System/Library/Frameworks/Foundation.framework</string>
			<key>sourceTree</key>
			<string>SDKROOT</string>
		</dict>
		<key>36FFBF5316C85DDF00CC3140</key>
		<dict>
			<key>fileRef</key>
			<string>36FFBF5216C85DDF00CC3140</string>
			<key>isa</key>
			<string>PBXBuildFile</string>
		</dict>
		<key>36FFBF5416C85DDF00CC3140</key>
		<dict>
			<key>isa</key>
			<string>PBXFileReference</string>
			<key>lastKnownFileType</key>
			<string>wrapper.framework</string>
			<key>name</key>
			<string>CoreGraphics.framework</string>
			<key>path</key>
			<string>System/Library/Frameworks/CoreGraphics.framework</string>
			<key>sourceTree</key>
			<string>SDKROOT</string>
		</dict>
		<key>36FFBF5516C85DDF00CC3140</key>
		<dict>
			<key>fileRef</key>
			<string>36FFBF5416C85DDF00CC3140</string>
			<key>isa</key>
			<string>PBXBuildFile</string>
		</dict>
		<key>36FFBF5616C85DDF00CC3140</key>
		<dict>
			<key>children</key>
			<array>
				<string>36940A5E16ECE9C0008CFBAC</string>
				<string>36F7E59716E05ABD007BB7A6</string>
				<string>366917DA16D7149900DF21E9</string>
				<string>362D55F716C8667F00A3423D</string>
				<string>362D55F616C8667400A3423D</string>
				<string>36FFBF5F16C85DDF00CC3140</string>
				<string>36FFBF6016C85DDF00CC3140</string>
				<string>36FFBF6816C85DDF00CC3140</string>
				<string>116E022218A08F3C00A371A1</string>
				<string>36FFBF5716C85DDF00CC3140</string>
			</array>
			<key>isa</key>
			<string>PBXGroup</string>
			<key>path</key>
			<string>cuddle-app</string>
			<key>sourceTree</key>
			<string>&lt;group&gt;</string>
		</dict>
		<key>36FFBF5716C85DDF00CC3140</key>
		<dict>
			<key>children</key>
			<array>
				<string>36FFBF5816C85DDF00CC3140</string>
				<string>36FFBF5916C85DDF00CC3140</string>
				<string>36FFBF5C16C85DDF00CC3140</string>
				<string>36FFBF5E16C85DDF00CC3140</string>
			</array>
			<key>isa</key>
			<string>PBXGroup</string>
			<key>name</key>
			<string>Supporting Files</string>
			<key>sourceTree</key>
			<string>&lt;group&gt;</string>
		</dict>
		<key>36FFBF5816C85DDF00CC3140</key>
		<dict>
			<key>isa</key>
			<string>PBXFileReference</string>
			<key>lastKnownFileType</key>
			<string>text.plist.xml</string>
			<key>path</key>
			<string>nudge-Info.plist</string>
			<key>sourceTree</key>
			<string>&lt;group&gt;</string>
		</dict>
		<key>36FFBF5916C85DDF00CC3140</key>
		<dict>
			<key>children</key>
			<array>
				<string>36FFBF5A16C85DDF00CC3140</string>
			</array>
			<key>isa</key>
			<string>PBXVariantGroup</string>
			<key>name</key>
			<string>InfoPlist.strings</string>
			<key>sourceTree</key>
			<string>&lt;group&gt;</string>
		</dict>
		<key>36FFBF5A16C85DDF00CC3140</key>
		<dict>
			<key>isa</key>
			<string>PBXFileReference</string>
			<key>lastKnownFileType</key>
			<string>text.plist.strings</string>
			<key>name</key>
			<string>en</string>
			<key>path</key>
			<string>en.lproj/InfoPlist.strings</string>
			<key>sourceTree</key>
			<string>&lt;group&gt;</string>
		</dict>
		<key>36FFBF5B16C85DDF00CC3140</key>
		<dict>
			<key>fileRef</key>
			<string>36FFBF5916C85DDF00CC3140</string>
			<key>isa</key>
			<string>PBXBuildFile</string>
		</dict>
		<key>36FFBF5C16C85DDF00CC3140</key>
		<dict>
			<key>isa</key>
			<string>PBXFileReference</string>
			<key>lastKnownFileType</key>
			<string>sourcecode.c.objc</string>
			<key>path</key>
			<string>main.m</string>
			<key>sourceTree</key>
			<string>&lt;group&gt;</string>
		</dict>
		<key>36FFBF5D16C85DDF00CC3140</key>
		<dict>
			<key>fileRef</key>
			<string>36FFBF5C16C85DDF00CC3140</string>
			<key>isa</key>
			<string>PBXBuildFile</string>
		</dict>
		<key>36FFBF5E16C85DDF00CC3140</key>
		<dict>
			<key>isa</key>
			<string>PBXFileReference</string>
			<key>lastKnownFileType</key>
			<string>sourcecode.c.h</string>
			<key>path</key>
			<string>nudge-Prefix.pch</string>
			<key>sourceTree</key>
			<string>&lt;group&gt;</string>
		</dict>
		<key>36FFBF5F16C85DDF00CC3140</key>
		<dict>
			<key>isa</key>
			<string>PBXFileReference</string>
			<key>lastKnownFileType</key>
			<string>sourcecode.c.h</string>
			<key>path</key>
			<string>AppDelegate.h</string>
			<key>sourceTree</key>
			<string>&lt;group&gt;</string>
		</dict>
		<key>36FFBF6016C85DDF00CC3140</key>
		<dict>
			<key>isa</key>
			<string>PBXFileReference</string>
			<key>lastKnownFileType</key>
			<string>sourcecode.c.objc</string>
			<key>path</key>
			<string>AppDelegate.m</string>
			<key>sourceTree</key>
			<string>&lt;group&gt;</string>
		</dict>
		<key>36FFBF6116C85DDF00CC3140</key>
		<dict>
			<key>fileRef</key>
			<string>36FFBF6016C85DDF00CC3140</string>
			<key>isa</key>
			<string>PBXBuildFile</string>
		</dict>
		<key>36FFBF6816C85DDF00CC3140</key>
		<dict>
			<key>children</key>
			<array>
				<string>36FFBF6916C85DDF00CC3140</string>
			</array>
			<key>isa</key>
			<string>PBXVariantGroup</string>
			<key>name</key>
			<string>MainStoryboard_iPhone.storyboard</string>
			<key>sourceTree</key>
			<string>&lt;group&gt;</string>
		</dict>
		<key>36FFBF6916C85DDF00CC3140</key>
		<dict>
			<key>isa</key>
			<string>PBXFileReference</string>
			<key>lastKnownFileType</key>
			<string>file.storyboard</string>
			<key>name</key>
			<string>en</string>
			<key>path</key>
			<string>en.lproj/MainStoryboard_iPhone.storyboard</string>
			<key>sourceTree</key>
			<string>&lt;group&gt;</string>
		</dict>
		<key>36FFBF6A16C85DDF00CC3140</key>
		<dict>
			<key>fileRef</key>
			<string>36FFBF6816C85DDF00CC3140</string>
			<key>isa</key>
			<string>PBXBuildFile</string>
		</dict>
		<key>36FFBF6E16C85DDF00CC3140</key>
		<dict>
			<key>isa</key>
			<string>PBXFileReference</string>
			<key>lastKnownFileType</key>
			<string>sourcecode.c.h</string>
			<key>path</key>
			<string>LoginViewController.h</string>
			<key>sourceTree</key>
			<string>&lt;group&gt;</string>
		</dict>
		<key>36FFBF6F16C85DDF00CC3140</key>
		<dict>
			<key>isa</key>
			<string>PBXFileReference</string>
			<key>lastKnownFileType</key>
			<string>sourcecode.c.objc</string>
			<key>path</key>
			<string>LoginViewController.m</string>
			<key>sourceTree</key>
			<string>&lt;group&gt;</string>
		</dict>
		<key>36FFBF7016C85DDF00CC3140</key>
		<dict>
			<key>fileRef</key>
			<string>36FFBF6F16C85DDF00CC3140</string>
			<key>isa</key>
			<string>PBXBuildFile</string>
		</dict>
		<key>36FFBF7716C85DDF00CC3140</key>
		<dict>
			<key>isa</key>
			<string>PBXFileReference</string>
			<key>lastKnownFileType</key>
			<string>wrapper.framework</string>
			<key>name</key>
			<string>SenTestingKit.framework</string>
			<key>path</key>
			<string>Library/Frameworks/SenTestingKit.framework</string>
			<key>sourceTree</key>
			<string>DEVELOPER_DIR</string>
		</dict>
		<key>36FFBF7D16C85DDF00CC3140</key>
		<dict>
			<key>children</key>
			<array>
				<string>36FFBF8316C85DDF00CC3140</string>
				<string>36FFBF8416C85DDF00CC3140</string>
				<string>36FFBF7E16C85DDF00CC3140</string>
			</array>
			<key>isa</key>
			<string>PBXGroup</string>
			<key>path</key>
			<string>cuddle-appTests</string>
			<key>sourceTree</key>
			<string>&lt;group&gt;</string>
		</dict>
		<key>36FFBF7E16C85DDF00CC3140</key>
		<dict>
			<key>children</key>
			<array>
				<string>36FFBF7F16C85DDF00CC3140</string>
				<string>36FFBF8016C85DDF00CC3140</string>
			</array>
			<key>isa</key>
			<string>PBXGroup</string>
			<key>name</key>
			<string>Supporting Files</string>
			<key>sourceTree</key>
			<string>&lt;group&gt;</string>
		</dict>
		<key>36FFBF7F16C85DDF00CC3140</key>
		<dict>
			<key>isa</key>
			<string>PBXFileReference</string>
			<key>lastKnownFileType</key>
			<string>text.plist.xml</string>
			<key>path</key>
			<string>nudgeTests-Info.plist</string>
			<key>sourceTree</key>
			<string>&lt;group&gt;</string>
		</dict>
		<key>36FFBF8016C85DDF00CC3140</key>
		<dict>
			<key>children</key>
			<array>
				<string>36FFBF8116C85DDF00CC3140</string>
			</array>
			<key>isa</key>
			<string>PBXVariantGroup</string>
			<key>name</key>
			<string>InfoPlist.strings</string>
			<key>sourceTree</key>
			<string>&lt;group&gt;</string>
		</dict>
		<key>36FFBF8116C85DDF00CC3140</key>
		<dict>
			<key>isa</key>
			<string>PBXFileReference</string>
			<key>lastKnownFileType</key>
			<string>text.plist.strings</string>
			<key>name</key>
			<string>en</string>
			<key>path</key>
			<string>en.lproj/InfoPlist.strings</string>
			<key>sourceTree</key>
			<string>&lt;group&gt;</string>
		</dict>
		<key>36FFBF8316C85DDF00CC3140</key>
		<dict>
			<key>isa</key>
			<string>PBXFileReference</string>
			<key>lastKnownFileType</key>
			<string>sourcecode.c.h</string>
			<key>path</key>
			<string>cuddle_appTests.h</string>
			<key>sourceTree</key>
			<string>&lt;group&gt;</string>
		</dict>
		<key>36FFBF8416C85DDF00CC3140</key>
		<dict>
			<key>isa</key>
			<string>PBXFileReference</string>
			<key>lastKnownFileType</key>
			<string>sourcecode.c.objc</string>
			<key>path</key>
			<string>cuddle_appTests.m</string>
			<key>sourceTree</key>
			<string>&lt;group&gt;</string>
		</dict>
		<key>36FFBF8616C85DDF00CC3140</key>
		<dict>
			<key>buildSettings</key>
			<dict>
				<key>ALWAYS_SEARCH_USER_PATHS</key>
				<string>NO</string>
				<key>CLANG_CXX_LANGUAGE_STANDARD</key>
				<string>gnu++0x</string>
				<key>CLANG_CXX_LIBRARY</key>
				<string>libc++</string>
				<key>CLANG_ENABLE_OBJC_ARC</key>
				<string>YES</string>
				<key>CLANG_WARN_CONSTANT_CONVERSION</key>
				<string>YES</string>
				<key>CLANG_WARN_EMPTY_BODY</key>
				<string>YES</string>
				<key>CLANG_WARN_ENUM_CONVERSION</key>
				<string>YES</string>
				<key>CLANG_WARN_INT_CONVERSION</key>
				<string>YES</string>
				<key>CLANG_WARN__DUPLICATE_METHOD_MATCH</key>
				<string>YES</string>
				<key>CODE_SIGN_IDENTITY</key>
				<string>iPhone Developer: Michael Silvis (JG99G662W3)</string>
				<key>CODE_SIGN_IDENTITY[sdk=iphoneos*]</key>
				<string>iPhone Developer: Michael Silvis (JG99G662W3)</string>
				<key>COPY_PHASE_STRIP</key>
				<string>NO</string>
				<key>GCC_C_LANGUAGE_STANDARD</key>
				<string>gnu99</string>
				<key>GCC_DYNAMIC_NO_PIC</key>
				<string>NO</string>
				<key>GCC_OPTIMIZATION_LEVEL</key>
				<string>0</string>
				<key>GCC_PREPROCESSOR_DEFINITIONS</key>
				<array>
					<string>DEBUG=1</string>
					<string>$(inherited)</string>
				</array>
				<key>GCC_SYMBOLS_PRIVATE_EXTERN</key>
				<string>NO</string>
				<key>GCC_WARN_ABOUT_RETURN_TYPE</key>
				<string>YES</string>
				<key>GCC_WARN_UNINITIALIZED_AUTOS</key>
				<string>YES</string>
				<key>GCC_WARN_UNUSED_VARIABLE</key>
				<string>YES</string>
				<key>IPHONEOS_DEPLOYMENT_TARGET</key>
				<string>6.1</string>
				<key>ONLY_ACTIVE_ARCH</key>
				<string>YES</string>
				<key>PROVISIONING_PROFILE</key>
				<string>29A9C8EA-5D0A-4F87-9B01-4792924839FC</string>
				<key>PROVISIONING_PROFILE[sdk=iphoneos*]</key>
				<string>29A9C8EA-5D0A-4F87-9B01-4792924839FC</string>
				<key>SDKROOT</key>
				<string>iphoneos</string>
				<key>TARGETED_DEVICE_FAMILY</key>
				<string>1,2</string>
			</dict>
			<key>isa</key>
			<string>XCBuildConfiguration</string>
			<key>name</key>
			<string>Debug</string>
		</dict>
		<key>36FFBF8716C85DDF00CC3140</key>
		<dict>
			<key>buildSettings</key>
			<dict>
				<key>ALWAYS_SEARCH_USER_PATHS</key>
				<string>NO</string>
				<key>CLANG_CXX_LANGUAGE_STANDARD</key>
				<string>gnu++0x</string>
				<key>CLANG_CXX_LIBRARY</key>
				<string>libc++</string>
				<key>CLANG_ENABLE_OBJC_ARC</key>
				<string>YES</string>
				<key>CLANG_WARN_CONSTANT_CONVERSION</key>
				<string>YES</string>
				<key>CLANG_WARN_EMPTY_BODY</key>
				<string>YES</string>
				<key>CLANG_WARN_ENUM_CONVERSION</key>
				<string>YES</string>
				<key>CLANG_WARN_INT_CONVERSION</key>
				<string>YES</string>
				<key>CLANG_WARN__DUPLICATE_METHOD_MATCH</key>
				<string>YES</string>
				<key>CODE_SIGN_IDENTITY</key>
				<string>iPhone Developer: Michael Silvis (JG99G662W3)</string>
				<key>CODE_SIGN_IDENTITY[sdk=iphoneos*]</key>
				<string>iPhone Developer: Michael Silvis (JG99G662W3)</string>
				<key>COPY_PHASE_STRIP</key>
				<string>YES</string>
				<key>GCC_C_LANGUAGE_STANDARD</key>
				<string>gnu99</string>
				<key>GCC_WARN_ABOUT_RETURN_TYPE</key>
				<string>YES</string>
				<key>GCC_WARN_UNINITIALIZED_AUTOS</key>
				<string>YES</string>
				<key>GCC_WARN_UNUSED_VARIABLE</key>
				<string>YES</string>
				<key>IPHONEOS_DEPLOYMENT_TARGET</key>
				<string>6.1</string>
				<key>OTHER_CFLAGS</key>
				<string>-DNS_BLOCK_ASSERTIONS=1</string>
				<key>PROVISIONING_PROFILE</key>
				<string>29A9C8EA-5D0A-4F87-9B01-4792924839FC</string>
				<key>PROVISIONING_PROFILE[sdk=iphoneos*]</key>
				<string>29A9C8EA-5D0A-4F87-9B01-4792924839FC</string>
				<key>SDKROOT</key>
				<string>iphoneos</string>
				<key>TARGETED_DEVICE_FAMILY</key>
				<string>1,2</string>
				<key>VALIDATE_PRODUCT</key>
				<string>YES</string>
			</dict>
			<key>isa</key>
			<string>XCBuildConfiguration</string>
			<key>name</key>
			<string>Release</string>
		</dict>
		<key>36FFBF8816C85DDF00CC3140</key>
		<dict>
			<key>buildConfigurations</key>
			<array>
				<string>36FFBF8916C85DDF00CC3140</string>
				<string>36FFBF8A16C85DDF00CC3140</string>
				<string>36133AD816EB06CB00C33D3B</string>
			</array>
			<key>defaultConfigurationIsVisible</key>
			<string>0</string>
			<key>defaultConfigurationName</key>
			<string>Release</string>
			<key>isa</key>
			<string>XCConfigurationList</string>
		</dict>
		<key>36FFBF8916C85DDF00CC3140</key>
		<dict>
			<key>baseConfigurationReference</key>
			<string>1E92FD45C900177C31B3C03D</string>
			<key>buildSettings</key>
			<dict>
				<key>ASSETCATALOG_COMPILER_APPICON_NAME</key>
				<string>AppIcon</string>
				<key>ASSETCATALOG_COMPILER_LAUNCHIMAGE_NAME</key>
				<string>LaunchImage</string>
				<key>CODE_SIGN_IDENTITY</key>
				<string>iPhone Developer</string>
				<key>CODE_SIGN_IDENTITY[sdk=iphoneos*]</key>
				<string>iPhone Developer</string>
				<key>FRAMEWORK_SEARCH_PATHS</key>
				<array>
					<string>$(inherited)</string>
					<string>$(SRCROOT)</string>
					<string>/Users/silvis/Documents/code/cuddle-app/nudge-app</string>
				</array>
				<key>GCC_PRECOMPILE_PREFIX_HEADER</key>
				<string>YES</string>
				<key>GCC_PREFIX_HEADER</key>
				<string>cuddle-app/nudge-Prefix.pch</string>
				<key>INFOPLIST_FILE</key>
				<string>cuddle-app/nudge-Info.plist</string>
				<key>IPHONEOS_DEPLOYMENT_TARGET</key>
				<string>7.0</string>
				<key>PRODUCT_NAME</key>
				<string>nudge</string>
				<key>PROVISIONING_PROFILE</key>
				<string></string>
				<key>TARGETED_DEVICE_FAMILY</key>
				<string>1</string>
				<key>WRAPPER_EXTENSION</key>
				<string>app</string>
			</dict>
			<key>isa</key>
			<string>XCBuildConfiguration</string>
			<key>name</key>
			<string>Debug</string>
		</dict>
		<key>36FFBF8A16C85DDF00CC3140</key>
		<dict>
			<key>baseConfigurationReference</key>
			<string>8789F3563DDE3F2070F63131</string>
			<key>buildSettings</key>
			<dict>
				<key>ASSETCATALOG_COMPILER_APPICON_NAME</key>
				<string>AppIcon</string>
				<key>ASSETCATALOG_COMPILER_LAUNCHIMAGE_NAME</key>
				<string>LaunchImage</string>
				<key>CODE_SIGN_IDENTITY</key>
				<string>iPhone Developer</string>
				<key>CODE_SIGN_IDENTITY[sdk=iphoneos*]</key>
				<string>iPhone Developer</string>
				<key>FRAMEWORK_SEARCH_PATHS</key>
				<array>
					<string>$(inherited)</string>
					<string>$(SRCROOT)</string>
					<string>/Users/silvis/Documents/code/cuddle-app/nudge-app</string>
				</array>
				<key>GCC_PRECOMPILE_PREFIX_HEADER</key>
				<string>YES</string>
				<key>GCC_PREFIX_HEADER</key>
				<string>cuddle-app/nudge-Prefix.pch</string>
				<key>INFOPLIST_FILE</key>
				<string>cuddle-app/nudge-Info.plist</string>
				<key>IPHONEOS_DEPLOYMENT_TARGET</key>
				<string>7.0</string>
				<key>PRODUCT_NAME</key>
				<string>nudge</string>
				<key>PROVISIONING_PROFILE</key>
				<string>BC916501-9087-49EC-983D-BABE987C7C3B</string>
				<key>TARGETED_DEVICE_FAMILY</key>
				<string>1</string>
				<key>WRAPPER_EXTENSION</key>
				<string>app</string>
			</dict>
			<key>isa</key>
			<string>XCBuildConfiguration</string>
			<key>name</key>
			<string>Release</string>
		</dict>
		<key>3959A85AFBFCB22E27496887</key>
		<dict>
			<key>fileRef</key>
			<string>44275C98D0A34A6484197B49</string>
			<key>isa</key>
			<string>PBXBuildFile</string>
		</dict>
		<key>44275C98D0A34A6484197B49</key>
		<dict>
			<key>explicitFileType</key>
			<string>archive.ar</string>
			<key>includeInIndex</key>
			<string>0</string>
			<key>isa</key>
			<string>PBXFileReference</string>
			<key>path</key>
			<string>libPods.a</string>
			<key>sourceTree</key>
			<string>BUILT_PRODUCTS_DIR</string>
		</dict>
		<key>70B8F35BA243472BB50A70E2</key>
		<dict>
			<key>buildActionMask</key>
			<string>2147483647</string>
			<key>files</key>
			<array/>
			<key>inputPaths</key>
			<array/>
			<key>isa</key>
			<string>PBXShellScriptBuildPhase</string>
			<key>name</key>
			<string>Copy Pods Resources</string>
			<key>outputPaths</key>
			<array/>
			<key>runOnlyForDeploymentPostprocessing</key>
			<string>0</string>
			<key>shellPath</key>
			<string>/bin/sh</string>
			<key>shellScript</key>
			<string>"${SRCROOT}/Pods/Target Support Files/Pods/Pods-resources.sh"
</string>
			<key>showEnvVarsInLog</key>
			<string>0</string>
		</dict>
		<key>8789F3563DDE3F2070F63131</key>
		<dict>
			<key>includeInIndex</key>
			<string>1</string>
			<key>isa</key>
			<string>PBXFileReference</string>
			<key>lastKnownFileType</key>
			<string>text.xcconfig</string>
			<key>name</key>
			<string>Pods.release.xcconfig</string>
			<key>path</key>
			<string>Pods/Target Support Files/Pods/Pods.release.xcconfig</string>
			<key>sourceTree</key>
			<string>&lt;group&gt;</string>
		</dict>
		<key>BAD78B6004FDFE05C7767E00</key>
		<dict>
			<key>includeInIndex</key>
			<string>1</string>
			<key>isa</key>
			<string>PBXFileReference</string>
			<key>lastKnownFileType</key>
			<string>text.xcconfig</string>
			<key>name</key>
			<string>Pods.adhoc.xcconfig</string>
			<key>path</key>
			<string>Pods/Target Support Files/Pods/Pods.adhoc.xcconfig</string>
			<key>sourceTree</key>
			<string>&lt;group&gt;</string>
		</dict>
		<key>DA36C78D16CB5D6E001D7889</key>
		<dict>
			<key>fileEncoding</key>
			<string>4</string>
			<key>isa</key>
			<string>PBXFileReference</string>
			<key>lastKnownFileType</key>
			<string>sourcecode.c.h</string>
			<key>path</key>
			<string>RegisterViewController.h</string>
			<key>sourceTree</key>
			<string>&lt;group&gt;</string>
		</dict>
		<key>DA36C78E16CB5D6F001D7889</key>
		<dict>
			<key>fileEncoding</key>
			<string>4</string>
			<key>isa</key>
			<string>PBXFileReference</string>
			<key>lastKnownFileType</key>
			<string>sourcecode.c.objc</string>
			<key>path</key>
			<string>RegisterViewController.m</string>
			<key>sourceTree</key>
			<string>&lt;group&gt;</string>
		</dict>
		<key>DA36C78F16CB5D6F001D7889</key>
		<dict>
			<key>fileRef</key>
			<string>DA36C78E16CB5D6F001D7889</string>
			<key>isa</key>
			<string>PBXBuildFile</string>
		</dict>
		<key>DA58A56D16C8BFD6006D7F55</key>
		<dict>
			<key>fileEncoding</key>
			<string>4</string>
			<key>isa</key>
			<string>PBXFileReference</string>
			<key>lastKnownFileType</key>
			<string>sourcecode.c.h</string>
			<key>path</key>
			<string>Colleague.h</string>
			<key>sourceTree</key>
			<string>&lt;group&gt;</string>
		</dict>
		<key>DA58A56E16C8BFD6006D7F55</key>
		<dict>
			<key>fileEncoding</key>
			<string>4</string>
			<key>isa</key>
			<string>PBXFileReference</string>
			<key>lastKnownFileType</key>
			<string>sourcecode.c.objc</string>
			<key>path</key>
			<string>Colleague.m</string>
			<key>sourceTree</key>
			<string>&lt;group&gt;</string>
		</dict>
		<key>DA58A56F16C8BFD6006D7F55</key>
		<dict>
			<key>fileRef</key>
			<string>DA58A56E16C8BFD6006D7F55</string>
			<key>isa</key>
			<string>PBXBuildFile</string>
		</dict>
		<key>DAD3EBEA16CA19C900E56737</key>
		<dict>
			<key>isa</key>
			<string>PBXFileReference</string>
			<key>lastKnownFileType</key>
			<string>wrapper.framework</string>
			<key>path</key>
			<string>Parse.framework</string>
			<key>sourceTree</key>
			<string>&lt;group&gt;</string>
		</dict>
		<key>DAD3EBEC16CA19FF00E56737</key>
		<dict>
			<key>isa</key>
			<string>PBXFileReference</string>
			<key>lastKnownFileType</key>
			<string>wrapper.framework</string>
			<key>name</key>
			<string>AudioToolbox.framework</string>
			<key>path</key>
			<string>System/Library/Frameworks/AudioToolbox.framework</string>
			<key>sourceTree</key>
			<string>SDKROOT</string>
		</dict>
		<key>DAD3EBED16CA19FF00E56737</key>
		<dict>
			<key>fileRef</key>
			<string>DAD3EBEC16CA19FF00E56737</string>
			<key>isa</key>
			<string>PBXBuildFile</string>
		</dict>
		<key>DAD3EBEE16CA1A0700E56737</key>
		<dict>
			<key>isa</key>
			<string>PBXFileReference</string>
			<key>lastKnownFileType</key>
			<string>wrapper.framework</string>
			<key>name</key>
			<string>Accounts.framework</string>
			<key>path</key>
			<string>System/Library/Frameworks/Accounts.framework</string>
			<key>sourceTree</key>
			<string>SDKROOT</string>
		</dict>
		<key>DAD3EBF016CA1A0F00E56737</key>
		<dict>
			<key>isa</key>
			<string>PBXFileReference</string>
			<key>lastKnownFileType</key>
			<string>wrapper.framework</string>
			<key>name</key>
			<string>AdSupport.framework</string>
			<key>path</key>
			<string>System/Library/Frameworks/AdSupport.framework</string>
			<key>sourceTree</key>
			<string>SDKROOT</string>
		</dict>
		<key>DAD3EBF116CA1A0F00E56737</key>
		<dict>
			<key>fileRef</key>
			<string>DAD3EBF016CA1A0F00E56737</string>
			<key>isa</key>
			<string>PBXBuildFile</string>
		</dict>
		<key>DAD3EBF216CA1A1800E56737</key>
		<dict>
			<key>isa</key>
			<string>PBXFileReference</string>
			<key>lastKnownFileType</key>
			<string>wrapper.framework</string>
			<key>name</key>
			<string>CFNetwork.framework</string>
			<key>path</key>
			<string>System/Library/Frameworks/CFNetwork.framework</string>
			<key>sourceTree</key>
			<string>SDKROOT</string>
		</dict>
		<key>DAD3EBF316CA1A1800E56737</key>
		<dict>
			<key>fileRef</key>
			<string>DAD3EBF216CA1A1800E56737</string>
			<key>isa</key>
			<string>PBXBuildFile</string>
		</dict>
		<key>DAD3EBF416CA1A2800E56737</key>
		<dict>
			<key>isa</key>
			<string>PBXFileReference</string>
			<key>lastKnownFileType</key>
			<string>wrapper.framework</string>
			<key>name</key>
			<string>CoreLocation.framework</string>
			<key>path</key>
			<string>System/Library/Frameworks/CoreLocation.framework</string>
			<key>sourceTree</key>
			<string>SDKROOT</string>
		</dict>
		<key>DAD3EBF516CA1A2800E56737</key>
		<dict>
			<key>fileRef</key>
			<string>DAD3EBF416CA1A2800E56737</string>
			<key>isa</key>
			<string>PBXBuildFile</string>
		</dict>
		<key>DAD3EBF616CA1A3000E56737</key>
		<dict>
			<key>isa</key>
			<string>PBXFileReference</string>
			<key>lastKnownFileType</key>
			<string>compiled.mach-o.dylib</string>
			<key>name</key>
			<string>libsqlite3.0.dylib</string>
			<key>path</key>
			<string>usr/lib/libsqlite3.0.dylib</string>
			<key>sourceTree</key>
			<string>SDKROOT</string>
		</dict>
		<key>DAD3EBF716CA1A3000E56737</key>
		<dict>
			<key>fileRef</key>
			<string>DAD3EBF616CA1A3000E56737</string>
			<key>isa</key>
			<string>PBXBuildFile</string>
		</dict>
		<key>DAD3EBF816CA1A3E00E56737</key>
		<dict>
			<key>isa</key>
			<string>PBXFileReference</string>
			<key>lastKnownFileType</key>
			<string>compiled.mach-o.dylib</string>
			<key>name</key>
			<string>libz.1.1.3.dylib</string>
			<key>path</key>
			<string>usr/lib/libz.1.1.3.dylib</string>
			<key>sourceTree</key>
			<string>SDKROOT</string>
		</dict>
		<key>DAD3EBF916CA1A3E00E56737</key>
		<dict>
			<key>fileRef</key>
			<string>DAD3EBF816CA1A3E00E56737</string>
			<key>isa</key>
			<string>PBXBuildFile</string>
		</dict>
		<key>DAD3EBFA16CA1A4A00E56737</key>
		<dict>
			<key>isa</key>
			<string>PBXFileReference</string>
			<key>lastKnownFileType</key>
			<string>wrapper.framework</string>
			<key>name</key>
			<string>MobileCoreServices.framework</string>
			<key>path</key>
			<string>System/Library/Frameworks/MobileCoreServices.framework</string>
			<key>sourceTree</key>
			<string>SDKROOT</string>
		</dict>
		<key>DAD3EBFB16CA1A4A00E56737</key>
		<dict>
			<key>fileRef</key>
			<string>DAD3EBFA16CA1A4A00E56737</string>
			<key>isa</key>
			<string>PBXBuildFile</string>
		</dict>
		<key>DAD3EBFC16CA1A4F00E56737</key>
		<dict>
			<key>isa</key>
			<string>PBXFileReference</string>
			<key>lastKnownFileType</key>
			<string>wrapper.framework</string>
			<key>name</key>
			<string>QuartzCore.framework</string>
			<key>path</key>
			<string>System/Library/Frameworks/QuartzCore.framework</string>
			<key>sourceTree</key>
			<string>SDKROOT</string>
		</dict>
		<key>DAD3EBFD16CA1A4F00E56737</key>
		<dict>
			<key>fileRef</key>
			<string>DAD3EBFC16CA1A4F00E56737</string>
			<key>isa</key>
			<string>PBXBuildFile</string>
		</dict>
		<key>DAD3EBFE16CA1A5600E56737</key>
		<dict>
			<key>isa</key>
			<string>PBXFileReference</string>
			<key>lastKnownFileType</key>
			<string>wrapper.framework</string>
			<key>name</key>
			<string>Security.framework</string>
			<key>path</key>
			<string>System/Library/Frameworks/Security.framework</string>
			<key>sourceTree</key>
			<string>SDKROOT</string>
		</dict>
		<key>DAD3EBFF16CA1A5600E56737</key>
		<dict>
			<key>fileRef</key>
			<string>DAD3EBFE16CA1A5600E56737</string>
			<key>isa</key>
			<string>PBXBuildFile</string>
		</dict>
		<key>DAD3EC0016CA1A5B00E56737</key>
		<dict>
			<key>isa</key>
			<string>PBXFileReference</string>
			<key>lastKnownFileType</key>
			<string>wrapper.framework</string>
			<key>name</key>
			<string>Social.framework</string>
			<key>path</key>
			<string>System/Library/Frameworks/Social.framework</string>
			<key>sourceTree</key>
			<string>SDKROOT</string>
		</dict>
		<key>DAD3EC0416CA1A6600E56737</key>
		<dict>
			<key>isa</key>
			<string>PBXFileReference</string>
			<key>lastKnownFileType</key>
			<string>wrapper.framework</string>
			<key>name</key>
			<string>SystemConfiguration.framework</string>
			<key>path</key>
			<string>System/Library/Frameworks/SystemConfiguration.framework</string>
			<key>sourceTree</key>
			<string>SDKROOT</string>
		</dict>
		<key>DAD3EC0516CA1A6600E56737</key>
		<dict>
			<key>fileRef</key>
			<string>DAD3EC0416CA1A6600E56737</string>
			<key>isa</key>
			<string>PBXBuildFile</string>
		</dict>
		<key>E641B0C8E5F520173D3E98FD</key>
		<dict>
			<key>buildActionMask</key>
			<string>2147483647</string>
			<key>files</key>
			<array/>
			<key>inputPaths</key>
			<array/>
			<key>isa</key>
			<string>PBXShellScriptBuildPhase</string>
			<key>name</key>
			<string>Check Pods Manifest.lock</string>
			<key>outputPaths</key>
			<array/>
			<key>runOnlyForDeploymentPostprocessing</key>
			<string>0</string>
			<key>shellPath</key>
			<string>/bin/sh</string>
			<key>shellScript</key>
			<string>diff "${PODS_ROOT}/../Podfile.lock" "${PODS_ROOT}/Manifest.lock" &gt; /dev/null
if [[ $? != 0 ]] ; then
    cat &lt;&lt; EOM
error: The sandbox is not in sync with the Podfile.lock. Run 'pod install' or update your CocoaPods installation.
EOM
    exit 1
fi
</string>
			<key>showEnvVarsInLog</key>
			<string>0</string>
		</dict>
	</dict>
	<key>rootObject</key>
	<string>36FFBF4516C85DDF00CC3140</string>
</dict>
</plist>
